{
  "name": "cisco-netflow",
  "version": "1.0.0",
  "lockfileVersion": 2,
  "requires": true,
  "packages": {
    "": {
      "name": "cisco-netflow",
      "version": "1.0.0",
      "license": "ISC",
      "dependencies": {
        "@fxjs/netflow": "^1.0.0",
        "node-netflowv9": "^0.2.16"
      }
    },
    "node_modules/@fxjs/netflow": {
      "version": "1.0.0",
      "resolved": "https://registry.npmjs.org/@fxjs/netflow/-/netflow-1.0.0.tgz",
      "integrity": "sha512-oVarZXwdQDWFIcFuTYAOvtWUwmi55IP36zEhB6YnlU5Dsve4iTutPaMRqn2cFhkaFBSNlK5l+CNtpX05eUpmRg=="
    },
    "node_modules/clone": {
      "version": "1.0.4",
      "resolved": "https://registry.npmjs.org/clone/-/clone-1.0.4.tgz",
      "integrity": "sha1-2jCcwmPfFZlMaIypAheco8fNfH4=",
      "engines": {
        "node": ">=0.8"
      }
    },
    "node_modules/debug": {
      "version": "4.3.4",
      "resolved": "https://registry.npmjs.org/debug/-/debug-4.3.4.tgz",
      "integrity": "sha512-PRWFHuSU3eDtQJPvnNY7Jcket1j0t5OuOsFzPPzsekD52Zl8qUfFIPEiswXqIvHWGVHOgX+7G/vCNNhehwxfkQ==",
      "dependencies": {
        "ms": "2.1.2"
      },
      "engines": {
        "node": ">=6.0"
      },
      "peerDependenciesMeta": {
        "supports-color": {
          "optional": true
        }
      }
    },
    "node_modules/dequeue": {
      "version": "1.0.5",
      "resolved": "https://registry.npmjs.org/dequeue/-/dequeue-1.0.5.tgz",
      "integrity": "sha1-EPHO8H4yNLIdyzj0v6LWYDSrZ8c=",
      "engines": {
        "node": "*"
      }
    },
    "node_modules/ms": {
      "version": "2.1.2",
      "resolved": "https://registry.npmjs.org/ms/-/ms-2.1.2.tgz",
      "integrity": "sha512-sGkPx+VjMtmA6MX27oA4FBFELFCZZ4S4XqeGOXCv68tT+jb3vk/RyaKWP0PTKyWtmLSM0b+adUTEvbs1PEaH2w=="
    },
    "node_modules/node-netflowv9": {
      "version": "0.2.16",
      "resolved": "https://registry.npmjs.org/node-netflowv9/-/node-netflowv9-0.2.16.tgz",
      "integrity": "sha512-qpmtJww8dCSDWoBzGbzeEOG7gmiJv02Pfpcs96gHMS3sDFicqAMqM2zCKgDq4Ks2j/iEM0ZZOwP4z5zVISbuBw==",
      "dependencies": {
        "clone": "^1.0.4",
        "debug": "^4.1.0",
        "dequeue": "^1.0.5"
      }
    }
  },
  "dependencies": {
    "@fxjs/netflow": {
      "version": "1.0.0",
      "resolved": "https://registry.npmjs.org/@fxjs/netflow/-/netflow-1.0.0.tgz",
      "integrity": "sha512-oVarZXwdQDWFIcFuTYAOvtWUwmi55IP36zEhB6YnlU5Dsve4iTutPaMRqn2cFhkaFBSNlK5l+CNtpX05eUpmRg=="
    },
    "clone": {
      "version": "1.0.4",
      "resolved": "https://registry.npmjs.org/clone/-/clone-1.0.4.tgz",
      "integrity": "sha1-2jCcwmPfFZlMaIypAheco8fNfH4="
    },
    "debug": {
      "version": "4.3.4",
      "resolved": "https://registry.npmjs.org/debug/-/debug-4.3.4.tgz",
      "integrity": "sha512-PRWFHuSU3eDtQJPvnNY7Jcket1j0t5OuOsFzPPzsekD52Zl8qUfFIPEiswXqIvHWGVHOgX+7G/vCNNhehwxfkQ==",
      "requires": {
        "ms": "2.1.2"
      }
    },
    "dequeue": {
      "version": "1.0.5",
      "resolved": "https://registry.npmjs.org/dequeue/-/dequeue-1.0.5.tgz",
      "integrity": "sha1-EPHO8H4yNLIdyzj0v6LWYDSrZ8c="
    },
    "ms": {
      "version": "2.1.2",
      "resolved": "https://registry.npmjs.org/ms/-/ms-2.1.2.tgz",
      "integrity": "sha512-sGkPx+VjMtmA6MX27oA4FBFELFCZZ4S4XqeGOXCv68tT+jb3vk/RyaKWP0PTKyWtmLSM0b+adUTEvbs1PEaH2w=="
    },
    "node-netflowv9": {
      "version": "0.2.16",
      "resolved": "https://registry.npmjs.org/node-netflowv9/-/node-netflowv9-0.2.16.tgz",
      "integrity": "sha512-qpmtJww8dCSDWoBzGbzeEOG7gmiJv02Pfpcs96gHMS3sDFicqAMqM2zCKgDq4Ks2j/iEM0ZZOwP4z5zVISbuBw==",
      "requires": {
        "clone": "^1.0.4",
        "debug": "^4.1.0",
        "dequeue": "^1.0.5"
      }
    }
  }
}
